
Microsoft Visual Studio Solution File, Format Version 12.00
# Visual Studio Version 17
VisualStudioVersion = 17.5.33516.290
MinimumVisualStudioVersion = 10.0.40219.1
Project("{FAE04EC0-301F-11D3-BF4B-00C04F79EFBC}") = "FaturamentoDistribuidora4", "FaturamentoDistribuidora4.csproj", "{6B3AC16F-84EE-46DC-82AC-1FCAE2824345}"
EndProject
Global
	GlobalSection(SolutionConfigurationPlatforms) = preSolution
		Debug|Any CPU = Debug|Any CPU
		Release|Any CPU = Release|Any CPU
	EndGlobalSection
	GlobalSection(ProjectConfigurationPlatforms) = postSolution
		{6B3AC16F-84EE-46DC-82AC-1FCAE2824345}.Debug|Any CPU.ActiveCfg = Debug|Any CPU
		{6B3AC16F-84EE-46DC-82AC-1FCAE2824345}.Debug|Any CPU.Build.0 = Debug|Any CPU
		{6B3AC16F-84EE-46DC-82AC-1FCAE2824345}.Release|Any CPU.ActiveCfg = Release|Any CPU
		{6B3AC16F-84EE-46DC-82AC-1FCAE2824345}.Release|Any CPU.Build.0 = Release|Any CPU
	EndGlobalSection
	GlobalSection(SolutionProperties) = preSolution
		HideSolutionNode = FALSE
	EndGlobalSection
	GlobalSection(ExtensibilityGlobals) = postSolution
		SolutionGuid = {7738F1DF-9843-4887-8B70-E7F219B215E5}
	EndGlobalSection
EndGlobal
